// !$*UTF8*$!
{
	archiveVersion = 1;
	classes = {
	};
	objectVersion = 46;
	objects = {

/* Begin PBXBuildFile section */
		E06158291FB3B024007A0A43 /* AppDelegate.swift in Sources */ = {isa = PBXBuildFile; fileRef = E06158281FB3B024007A0A43 /* AppDelegate.swift */; };
		E061582B1FB3B024007A0A43 /* ViewController.swift in Sources */ = {isa = PBXBuildFile; fileRef = E061582A1FB3B024007A0A43 /* ViewController.swift */; };
		E061582E1FB3B024007A0A43 /* Main.storyboard in Resources */ = {isa = PBXBuildFile; fileRef = E061582C1FB3B024007A0A43 /* Main.storyboard */; };
		E06158301FB3B024007A0A43 /* Assets.xcassets in Resources */ = {isa = PBXBuildFile; fileRef = E061582F1FB3B024007A0A43 /* Assets.xcassets */; };
		E06158331FB3B024007A0A43 /* LaunchScreen.storyboard in Resources */ = {isa = PBXBuildFile; fileRef = E06158311FB3B024007A0A43 /* LaunchScreen.storyboard */; };
		E061583E1FB3B024007A0A43 /* HomepwnerTests.swift in Sources */ = {isa = PBXBuildFile; fileRef = E061583D1FB3B024007A0A43 /* HomepwnerTests.swift */; };
		E06158491FB3B024007A0A43 /* HomepwnerUITests.swift in Sources */ = {isa = PBXBuildFile; fileRef = E06158481FB3B024007A0A43 /* HomepwnerUITests.swift */; };
/* End PBXBuildFile section */

/* Begin PBXContainerItemProxy section */
		E061583A1FB3B024007A0A43 /* PBXContainerItemProxy */ = {
			isa = PBXContainerItemProxy;
			containerPortal = E061581D1FB3B024007A0A43 /* Project object */;
			proxyType = 1;
			remoteGlobalIDString = E06158241FB3B024007A0A43;
			remoteInfo = Homepwner;
		};
		E06158451FB3B024007A0A43 /* PBXContainerItemProxy */ = {
			isa = PBXContainerItemProxy;
			containerPortal = E061581D1FB3B024007A0A43 /* Project object */;
			proxyType = 1;
			remoteGlobalIDString = E06158241FB3B024007A0A43;
			remoteInfo = Homepwner;
		};
/* End PBXContainerItemProxy section */

/* Begin PBXFileReference section */
		E06158251FB3B024007A0A43 /* Homepwner.app */ = {isa = PBXFileReference; explicitFileType = wrapper.application; includeInIndex = 0; path = Homepwner.app; sourceTree = BUILT_PRODUCTS_DIR; };
		E06158281FB3B024007A0A43 /* AppDelegate.swift */ = {isa = PBXFileReference; lastKnownFileType = sourcecode.swift; path = AppDelegate.swift; sourceTree = "<group>"; };
		E061582A1FB3B024007A0A43 /* ViewController.swift */ = {isa = PBXFileReference; lastKnownFileType = sourcecode.swift; path = ViewController.swift; sourceTree = "<group>"; };
		E061582D1FB3B024007A0A43 /* Base */ = {isa = PBXFileReference; lastKnownFileType = file.storyboard; name = Base; path = Base.lproj/Main.storyboard; sourceTree = "<group>"; };
		E061582F1FB3B024007A0A43 /* Assets.xcassets */ = {isa = PBXFileReference; lastKnownFileType = folder.assetcatalog; path = Assets.xcassets; sourceTree = "<group>"; };
		E06158321FB3B024007A0A43 /* Base */ = {isa = PBXFileReference; lastKnownFileType = file.storyboard; name = Base; path = Base.lproj/LaunchScreen.storyboard; sourceTree = "<group>"; };
		E06158341FB3B024007A0A43 /* Info.plist */ = {isa = PBXFileReference; lastKnownFileType = text.plist.xml; path = Info.plist; sourceTree = "<group>"; };
		E06158391FB3B024007A0A43 /* HomepwnerTests.xctest */ = {isa = PBXFileReference; explicitFileType = wrapper.cfbundle; includeInIndex = 0; path = HomepwnerTests.xctest; sourceTree = BUILT_PRODUCTS_DIR; };
		E061583D1FB3B024007A0A43 /* HomepwnerTests.swift */ = {isa = PBXFileReference; lastKnownFileType = sourcecode.swift; path = HomepwnerTests.swift; sourceTree = "<group>"; };
		E061583F1FB3B024007A0A43 /* Info.plist */ = {isa = PBXFileReference; lastKnownFileType = text.plist.xml; path = Info.plist; sourceTree = "<group>"; };
		E06158441FB3B024007A0A43 /* HomepwnerUITests.xctest */ = {isa = PBXFileReference; explicitFileType = wrapper.cfbundle; includeInIndex = 0; path = HomepwnerUITests.xctest; sourceTree = BUILT_PRODUCTS_DIR; };
		E06158481FB3B024007A0A43 /* HomepwnerUITests.swift */ = {isa = PBXFileReference; lastKnownFileType = sourcecode.swift; path = HomepwnerUITests.swift; sourceTree = "<group>"; };
		E061584A1FB3B024007A0A43 /* Info.plist */ = {isa = PBXFileReference; lastKnownFileType = text.plist.xml; path = Info.plist; sourceTree = "<group>"; };
/* End PBXFileReference section */

/* Begin PBXFrameworksBuildPhase section */
		E06158221FB3B024007A0A43 /* Frameworks */ = {
			isa = PBXFrameworksBuildPhase;
			buildActionMask = 2147483647;
			files = (
			);
			runOnlyForDeploymentPostprocessing = 0;
		};
		E06158361FB3B024007A0A43 /* Frameworks */ = {
			isa = PBXFrameworksBuildPhase;
			buildActionMask = 2147483647;
			files = (
			);
			runOnlyForDeploymentPostprocessing = 0;
		};
		E06158411FB3B024007A0A43 /* Frameworks */ = {
			isa = PBXFrameworksBuildPhase;
			buildActionMask = 2147483647;
			files = (
			);
			runOnlyForDeploymentPostprocessing = 0;
		};
/* End PBXFrameworksBuildPhase section */

/* Begin PBXGroup section */
		E061581C1FB3B024007A0A43 = {
			isa = PBXGroup;
			children = (
				E06158271FB3B024007A0A43 /* Homepwner */,
				E061583C1FB3B024007A0A43 /* HomepwnerTests */,
				E06158471FB3B024007A0A43 /* HomepwnerUITests */,
				E06158261FB3B024007A0A43 /* Products */,
			);
			sourceTree = "<group>";
		};
		E06158261FB3B024007A0A43 /* Products */ = {
			isa = PBXGroup;
			children = (
				E06158251FB3B024007A0A43 /* Homepwner.app */,
				E06158391FB3B024007A0A43 /* HomepwnerTests.xctest */,
				E06158441FB3B024007A0A43 /* HomepwnerUITests.xctest */,
			);
			name = Products;
			sourceTree = "<group>";
		};
		E06158271FB3B024007A0A43 /* Homepwner */ = {
			isa = PBXGroup;
			children = (
				E06158281FB3B024007A0A43 /* AppDelegate.swift */,
				E061582A1FB3B024007A0A43 /* ViewController.swift */,
				E061582C1FB3B024007A0A43 /* Main.storyboard */,
				E061582F1FB3B024007A0A43 /* Assets.xcassets */,
				E06158311FB3B024007A0A43 /* LaunchScreen.storyboard */,
				E06158341FB3B024007A0A43 /* Info.plist */,
			);
			path = Homepwner;
			sourceTree = "<group>";
		};
		E061583C1FB3B024007A0A43 /* HomepwnerTests */ = {
			isa = PBXGroup;
			children = (
				E061583D1FB3B024007A0A43 /* HomepwnerTests.swift */,
				E061583F1FB3B024007A0A43 /* Info.plist */,
			);
			path = HomepwnerTests;
			sourceTree = "<group>";
		};
		E06158471FB3B024007A0A43 /* HomepwnerUITests */ = {
			isa = PBXGroup;
			children = (
				E06158481FB3B024007A0A43 /* HomepwnerUITests.swift */,
				E061584A1FB3B024007A0A43 /* Info.plist */,
			);
			path = HomepwnerUITests;
			sourceTree = "<group>";
		};
/* End PBXGroup section */

/* Begin PBXNativeTarget section */
		E06158241FB3B024007A0A43 /* Homepwner */ = {
			isa = PBXNativeTarget;
			buildConfigurationList = E061584D1FB3B024007A0A43 /* Build configuration list for PBXNativeTarget "Homepwner" */;
			buildPhases = (
				E06158211FB3B024007A0A43 /* Sources */,
				E06158221FB3B024007A0A43 /* Frameworks */,
				E06158231FB3B024007A0A43 /* Resources */,
			);
			buildRules = (
			);
			dependencies = (
			);
			name = Homepwner;
			productName = Homepwner;
			productReference = E06158251FB3B024007A0A43 /* Homepwner.app */;
			productType = "com.apple.product-type.application";
		};
		E06158381FB3B024007A0A43 /* HomepwnerTests */ = {
			isa = PBXNativeTarget;
			buildConfigurationList = E06158501FB3B024007A0A43 /* Build configuration list for PBXNativeTarget "HomepwnerTests" */;
			buildPhases = (
				E06158351FB3B024007A0A43 /* Sources */,
				E06158361FB3B024007A0A43 /* Frameworks */,
				E06158371FB3B024007A0A43 /* Resources */,
			);
			buildRules = (
			);
			dependencies = (
				E061583B1FB3B024007A0A43 /* PBXTargetDependency */,
			);
			name = HomepwnerTests;
			productName = HomepwnerTests;
			productReference = E06158391FB3B024007A0A43 /* HomepwnerTests.xctest */;
			productType = "com.apple.product-type.bundle.unit-test";
		};
		E06158431FB3B024007A0A43 /* HomepwnerUITests */ = {
			isa = PBXNativeTarget;
			buildConfigurationList = E06158531FB3B024007A0A43 /* Build configuration list for PBXNativeTarget "HomepwnerUITests" */;
			buildPhases = (
				E06158401FB3B024007A0A43 /* Sources */,
				E06158411FB3B024007A0A43 /* Frameworks */,
				E06158421FB3B024007A0A43 /* Resources */,
			);
			buildRules = (
			);
			dependencies = (
				E06158461FB3B024007A0A43 /* PBXTargetDependency */,
			);
			name = HomepwnerUITests;
			productName = HomepwnerUITests;
			productReference = E06158441FB3B024007A0A43 /* HomepwnerUITests.xctest */;
			productType = "com.apple.product-type.bundle.ui-testing";
		};
/* End PBXNativeTarget section */

/* Begin PBXProject section */
		E061581D1FB3B024007A0A43 /* Project object */ = {
			isa = PBXProject;
			attributes = {
				LastSwiftUpdateCheck = 0830;
				LastUpgradeCheck = 0830;
				ORGANIZATIONNAME = Mohu;
				TargetAttributes = {
					E06158241FB3B024007A0A43 = {
						CreatedOnToolsVersion = 8.3.3;
						ProvisioningStyle = Automatic;
					};
					E06158381FB3B024007A0A43 = {
						CreatedOnToolsVersion = 8.3.3;
						ProvisioningStyle = Automatic;
						TestTargetID = E06158241FB3B024007A0A43;
					};
					E06158431FB3B024007A0A43 = {
						CreatedOnToolsVersion = 8.3.3;
						ProvisioningStyle = Automatic;
						TestTargetID = E06158241FB3B024007A0A43;
					};
				};
			};
			buildConfigurationList = E06158201FB3B024007A0A43 /* Build configuration list for PBXProject "Homepwner" */;
			compatibilityVersion = "Xcode 3.2";
			developmentRegion = English;
			hasScannedForEncodings = 0;
			knownRegions = (
				en,
				Base,
			);
			mainGroup = E061581C1FB3B024007A0A43;
			productRefGroup = E06158261FB3B024007A0A43 /* Products */;
			projectDirPath = "";
			projectRoot = "";
			targets = (
				E06158241FB3B024007A0A43 /* Homepwner */,
				E06158381FB3B024007A0A43 /* HomepwnerTests */,
				E06158431FB3B024007A0A43 /* HomepwnerUITests */,
			);
		};
/* End PBXProject section */

/* Begin PBXResourcesBuildPhase section */
		E06158231FB3B024007A0A43 /* Resources */ = {
			isa = PBXResourcesBuildPhase;
			buildActionMask = 2147483647;
			files = (
				E06158331FB3B024007A0A43 /* LaunchScreen.storyboard in Resources */,
				E06158301FB3B024007A0A43 /* Assets.xcassets in Resources */,
				E061582E1FB3B024007A0A43 /* Main.storyboard in Resources */,
			);
			runOnlyForDeploymentPostprocessing = 0;
		};
		E06158371FB3B024007A0A43 /* Resources */ = {
			isa = PBXResourcesBuildPhase;
			buildActionMask = 2147483647;
			files = (
			);
			runOnlyForDeploymentPostprocessing = 0;
		};
		E06158421FB3B024007A0A43 /* Resources */ = {
			isa = PBXResourcesBuildPhase;
			buildActionMask = 2147483647;
			files = (
			);
			runOnlyForDeploymentPostprocessing = 0;
		};
/* End PBXResourcesBuildPhase section */

/* Begin PBXSourcesBuildPhase section */
		E06158211FB3B024007A0A43 /* Sources */ = {
			isa = PBXSourcesBuildPhase;
			buildActionMask = 2147483647;
			files = (
				E061582B1FB3B024007A0A43 /* ViewController.swift in Sources */,
				E06158291FB3B024007A0A43 /* AppDelegate.swift in Sources */,
			);
			runOnlyForDeploymentPostprocessing = 0;
		};
		E06158351FB3B024007A0A43 /* Sources */ = {
			isa = PBXSourcesBuildPhase;
			buildActionMask = 2147483647;
			files = (
				E061583E1FB3B024007A0A43 /* HomepwnerTests.swift in Sources */,
			);
			runOnlyForDeploymentPostprocessing = 0;
		};
		E06158401FB3B024007A0A43 /* Sources */ = {
			isa = PBXSourcesBuildPhase;
			buildActionMask = 2147483647;
			files = (
				E06158491FB3B024007A0A43 /* HomepwnerUITests.swift in Sources */,
			);
			runOnlyForDeploymentPostprocessing = 0;
		};
/* End PBXSourcesBuildPhase section */

/* Begin PBXTargetDependency section */
		E061583B1FB3B024007A0A43 /* PBXTargetDependency */ = {
			isa = PBXTargetDependency;
			target = E06158241FB3B024007A0A43 /* Homepwner */;
			targetProxy = E061583A1FB3B024007A0A43 /* PBXContainerItemProxy */;
		};
		E06158461FB3B024007A0A43 /* PBXTargetDependency */ = {
			isa = PBXTargetDependency;
			target = E06158241FB3B024007A0A43 /* Homepwner */;
			targetProxy = E06158451FB3B024007A0A43 /* PBXContainerItemProxy */;
		};
/* End PBXTargetDependency section */

/* Begin PBXVariantGroup section */
		E061582C1FB3B024007A0A43 /* Main.storyboard */ = {
			isa = PBXVariantGroup;
			children = (
				E061582D1FB3B024007A0A43 /* Base */,
			);
			name = Main.storyboard;
			sourceTree = "<group>";
		};
		E06158311FB3B024007A0A43 /* LaunchScreen.storyboard */ = {
			isa = PBXVariantGroup;
			children = (
				E06158321FB3B024007A0A43 /* Base */,
			);
			name = LaunchScreen.storyboard;
			sourceTree = "<group>";
		};
/* End PBXVariantGroup section */

/* Begin XCBuildConfiguration section */
		E061584B1FB3B024007A0A43 /* Debug */ = {
			isa = XCBuildConfiguration;
			buildSettings = {
				ALWAYS_SEARCH_USER_PATHS = NO;
				CLANG_ANALYZER_NONNULL = YES;
				CLANG_ANALYZER_NUMBER_OBJECT_CONVERSION = YES_AGGRESSIVE;
				CLANG_CXX_LANGUAGE_STANDARD = "gnu++0x";
				CLANG_CXX_LIBRARY = "libc++";
				CLANG_ENABLE_MODULES = YES;
				CLANG_ENABLE_OBJC_ARC = YES;
				CLANG_WARN_BOOL_CONVERSION = YES;
				CLANG_WARN_CONSTANT_CONVERSION = YES;
				CLANG_WARN_DIRECT_OBJC_ISA_USAGE = YES_ERROR;
				CLANG_WARN_DOCUMENTATION_COMMENTS = YES;
				CLANG_WARN_EMPTY_BODY = YES;
				CLANG_WARN_ENUM_CONVERSION = YES;
				CLANG_WARN_INFINITE_RECURSION = YES;
				CLANG_WARN_INT_CONVERSION = YES;
				CLANG_WARN_OBJC_ROOT_CLASS = YES_ERROR;
				CLANG_WARN_SUSPICIOUS_MOVE = YES;
				CLANG_WARN_UNREACHABLE_CODE = YES;
				CLANG_WARN__DUPLICATE_METHOD_MATCH = YES;
				"CODE_SIGN_IDENTITY[sdk=iphoneos*]" = "iPhone Developer";
				COPY_PHASE_STRIP = NO;
				DEBUG_INFORMATION_FORMAT = dwarf;
				ENABLE_STRICT_OBJC_MSGSEND = YES;
				ENABLE_TESTABILITY = YES;
				GCC_C_LANGUAGE_STANDARD = gnu99;
				GCC_DYNAMIC_NO_PIC = NO;
				GCC_NO_COMMON_BLOCKS = YES;
				GCC_OPTIMIZATION_LEVEL = 0;
				GCC_PREPROCESSOR_DEFINITIONS = (
					"DEBUG=1",
					"$(inherited)",
				);
				GCC_WARN_64_TO_32_BIT_CONVERSION = YES;
				GCC_WARN_ABOUT_RETURN_TYPE = YES_ERROR;
				GCC_WARN_UNDECLARED_SELECTOR = YES;
				GCC_WARN_UNINITIALIZED_AUTOS = YES_AGGRESSIVE;
				GCC_WARN_UNUSED_FUNCTION = YES;
				GCC_WARN_UNUSED_VARIABLE = YES;
				IPHONEOS_DEPLOYMENT_TARGET = 10.3;
				MTL_ENABLE_DEBUG_INFO = YES;
				ONLY_ACTIVE_ARCH = YES;
				SDKROOT = iphoneos;
				SWIFT_ACTIVE_COMPILATION_CONDITIONS = DEBUG;
				SWIFT_OPTIMIZATION_LEVEL = "-Onone";
				TARGETED_DEVICE_FAMILY = "1,2";
			};
			name = Debug;
		};
		E061584C1FB3B024007A0A43 /* Release */ = {
			isa = XCBuildConfiguration;
			buildSettings = {
				ALWAYS_SEARCH_USER_PATHS = NO;
				CLANG_ANALYZER_NONNULL = YES;
				CLANG_ANALYZER_NUMBER_OBJECT_CONVERSION = YES_AGGRESSIVE;
				CLANG_CXX_LANGUAGE_STANDARD = "gnu++0x";
				CLANG_CXX_LIBRARY = "libc++";
				CLANG_ENABLE_MODULES = YES;
				CLANG_ENABLE_OBJC_ARC = YES;
				CLANG_WARN_BOOL_CONVERSION = YES;
				CLANG_WARN_CONSTANT_CONVERSION = YES;
				CLANG_WARN_DIRECT_OBJC_ISA_USAGE = YES_ERROR;
				CLANG_WARN_DOCUMENTATION_COMMENTS = YES;
				CLANG_WARN_EMPTY_BODY = YES;
				CLANG_WARN_ENUM_CONVERSION = YES;
				CLANG_WARN_INFINITE_RECURSION = YES;
				CLANG_WARN_INT_CONVERSION = YES;
				CLANG_WARN_OBJC_ROOT_CLASS = YES_ERROR;
				CLANG_WARN_SUSPICIOUS_MOVE = YES;
				CLANG_WARN_UNREACHABLE_CODE = YES;
				CLANG_WARN__DUPLICATE_METHOD_MATCH = YES;
				"CODE_SIGN_IDENTITY[sdk=iphoneos*]" = "iPhone Developer";
				COPY_PHASE_STRIP = NO;
				DEBUG_INFORMATION_FORMAT = "dwarf-with-dsym";
				ENABLE_NS_ASSERTIONS = NO;
				ENABLE_STRICT_OBJC_MSGSEND = YES;
				GCC_C_LANGUAGE_STANDARD = gnu99;
				GCC_NO_COMMON_BLOCKS = YES;
				GCC_WARN_64_TO_32_BIT_CONVERSION = YES;
				GCC_WARN_ABOUT_RETURN_TYPE = YES_ERROR;
				GCC_WARN_UNDECLARED_SELECTOR = YES;
				GCC_WARN_UNINITIALIZED_AUTOS = YES_AGGRESSIVE;
				GCC_WARN_UNUSED_FUNCTION = YES;
				GCC_WARN_UNUSED_VARIABLE = YES;
				IPHONEOS_DEPLOYMENT_TARGET = 10.3;
				MTL_ENABLE_DEBUG_INFO = NO;
				SDKROOT = iphoneos;
				SWIFT_OPTIMIZATION_LEVEL = "-Owholemodule";
				TARGETED_DEVICE_FAMILY = "1,2";
				VALIDATE_PRODUCT = YES;
			};
			name = Release;
		};
		E061584E1FB3B024007A0A43 /* Debug */ = {
			isa = XCBuildConfiguration;
			buildSettings = {
				ASSETCATALOG_COMPILER_APPICON_NAME = AppIcon;
				INFOPLIST_FILE = Homepwner/Info.plist;
				LD_RUNPATH_SEARCH_PATHS = "$(inherited) @executable_path/Frameworks";
				PRODUCT_BUNDLE_IDENTIFIER = com.mohu.Homepwner;
				PRODUCT_NAME = "$(TARGET_NAME)";
				SWIFT_VERSION = 3.0;
			};
			name = Debug;
		};
		E061584F1FB3B024007A0A43 /* Release */ = {
			isa = XCBuildConfiguration;
			buildSettings = {
				ASSETCATALOG_COMPILER_APPICON_NAME = AppIcon;
				INFOPLIST_FILE = Homepwner/Info.plist;
				LD_RUNPATH_SEARCH_PATHS = "$(inherited) @executable_path/Frameworks";
				PRODUCT_BUNDLE_IDENTIFIER = com.mohu.Homepwner;
				PRODUCT_NAME = "$(TARGET_NAME)";
				SWIFT_VERSION = 3.0;
			};
			name = Release;
		};
		E06158511FB3B024007A0A43 /* Debug */ = {
			isa = XCBuildConfiguration;
			buildSettings = {
				ALWAYS_EMBED_SWIFT_STANDARD_LIBRARIES = YES;
				BUNDLE_LOADER = "$(TEST_HOST)";
				INFOPLIST_FILE = HomepwnerTests/Info.plist;
				LD_RUNPATH_SEARCH_PATHS = "$(inherited) @executable_path/Frameworks @loader_path/Frameworks";
				PRODUCT_BUNDLE_IDENTIFIER = com.mohu.HomepwnerTests;
				PRODUCT_NAME = "$(TARGET_NAME)";
				SWIFT_VERSION = 3.0;
				TEST_HOST = "$(BUILT_PRODUCTS_DIR)/Homepwner.app/Homepwner";
			};
			name = Debug;
		};
		E06158521FB3B024007A0A43 /* Release */ = {
			isa = XCBuildConfiguration;
			buildSettings = {
				ALWAYS_EMBED_SWIFT_STANDARD_LIBRARIES = YES;
				BUNDLE_LOADER = "$(TEST_HOST)";
				INFOPLIST_FILE = HomepwnerTests/Info.plist;
				LD_RUNPATH_SEARCH_PATHS = "$(inherited) @executable_path/Frameworks @loader_path/Frameworks";
				PRODUCT_BUNDLE_IDENTIFIER = com.mohu.HomepwnerTests;
				PRODUCT_NAME = "$(TARGET_NAME)";
				SWIFT_VERSION = 3.0;
				TEST_HOST = "$(BUILT_PRODUCTS_DIR)/Homepwner.app/Homepwner";
			};
			name = Release;
		};
		E06158541FB3B024007A0A43 /* Debug */ = {
			isa = XCBuildConfiguration;
			buildSettings = {
				ALWAYS_EMBED_SWIFT_STANDARD_LIBRARIES = YES;
				INFOPLIST_FILE = HomepwnerUITests/Info.plist;
				LD_RUNPATH_SEARCH_PATHS = "$(inherited) @executable_path/Frameworks @loader_path/Frameworks";
				PRODUCT_BUNDLE_IDENTIFIER = com.mohu.HomepwnerUITests;
				PRODUCT_NAME = "$(TARGET_NAME)";
				SWIFT_VERSION = 3.0;
				TEST_TARGET_NAME = Homepwner;
			};
			name = Debug;
		};
		E06158551FB3B024007A0A43 /* Release */ = {
			isa = XCBuildConfiguration;
			buildSettings = {
				ALWAYS_EMBED_SWIFT_STANDARD_LIBRARIES = YES;
				INFOPLIST_FILE = HomepwnerUITests/Info.plist;
				LD_RUNPATH_SEARCH_PATHS = "$(inherited) @executable_path/Frameworks @loader_path/Frameworks";
				PRODUCT_BUNDLE_IDENTIFIER = com.mohu.HomepwnerUITests;
				PRODUCT_NAME = "$(TARGET_NAME)";
				SWIFT_VERSION = 3.0;
				TEST_TARGET_NAME = Homepwner;
			};
			name = Release;
		};
/* End XCBuildConfiguration section */

/* Begin XCConfigurationList section */
		E06158201FB3B024007A0A43 /* Build configuration list for PBXProject "Homepwner" */ = {
			isa = XCConfigurationList;
			buildConfigurations = (
				E061584B1FB3B024007A0A43 /* Debug */,
				E061584C1FB3B024007A0A43 /* Release */,
			);
			defaultConfigurationIsVisible = 0;
			defaultConfigurationName = Release;
		};
		E061584D1FB3B024007A0A43 /* Build configuration list for PBXNativeTarget "Homepwner" */ = {
			isa = XCConfigurationList;
			buildConfigurations = (
				E061584E1FB3B024007A0A43 /* Debug */,
				E061584F1FB3B024007A0A43 /* Release */,
			);
			defaultConfigurationIsVisible = 0;
		};
		E06158501FB3B024007A0A43 /* Build configuration list for PBXNativeTarget "HomepwnerTests" */ = {
			isa = XCConfigurationList;
			buildConfigurations = (
				E06158511FB3B024007A0A43 /* Debug */,
				E06158521FB3B024007A0A43 /* Release */,
			);
			defaultConfigurationIsVisible = 0;
		};
		E06158531FB3B024007A0A43 /* Build configuration list for PBXNativeTarget "HomepwnerUITests" */ = {
			isa = XCConfigurationList;
			buildConfigurations = (
				E06158541FB3B024007A0A43 /* Debug */,
				E06158551FB3B024007A0A43 /* Release */,
			);
			defaultConfigurationIsVisible = 0;
		};
/* End XCConfigurationList section */
	};
	rootObject = E061581D1FB3B024007A0A43 /* Project object */;
}
